{
  "name": "mozu-model-tools",
  "lockfileVersion": 3,
  "requires": true,
  "packages": {
    "": {
      "name": "mozu-model-tools",
      "dependencies": {
        "occt-import-js": "^0.0.22"
      }
    },
    "node_modules/occt-import-js": {
      "version": "0.0.22",
      "resolved": "https://registry.npmjs.org/occt-import-js/-/occt-import-js-0.0.22.tgz",
      "integrity": "sha512-pqvP0hJGMgAoFKji+nL+2zIHJ2NJeFTpI2oEEJrVQtvLErDApd2TeAJNhPO9oU+aWUKIUSWoxSfIrF0KisrPtw==",
      "license": "LGPL-2.1"
    }
  }
}
